// !$*UTF8*$!
{
	archiveVersion = 1;
	classes = {
	};
	objectVersion = 77;
	objects = {

/* Begin PBXBuildFile section */
		82E4DF2D2E0AA0E600BE2F4A /* Assets.xcassets in Resources */ = {isa = PBXBuildFile; fileRef = 82E4DF292E0AA0E600BE2F4A /* Assets.xcassets */; };
		82E4DF2E2E0AA0E600BE2F4A /* ContentView.swift in Sources */ = {isa = PBXBuildFile; fileRef = 82E4DF2A2E0AA0E600BE2F4A /* ContentView.swift */; };
		82E4DF2F2E0AA0E600BE2F4A /* SwiftUICoordinatorApp.swift in Sources */ = {isa = PBXBuildFile; fileRef = 82E4DF2B2E0AA0E600BE2F4A /* SwiftUICoordinatorApp.swift */; };
		82E4DF352E0AA17F00BE2F4A /* SignUpView.swift in Sources */ = {isa = PBXBuildFile; fileRef = 82E4DF342E0AA17F00BE2F4A /* SignUpView.swift */; };
		82E4DF372E0AA18800BE2F4A /* LoginView.swift in Sources */ = {isa = PBXBuildFile; fileRef = 82E4DF362E0AA18800BE2F4A /* LoginView.swift */; };
		82E4DF392E0AA18E00BE2F4A /* MainView.swift in Sources */ = {isa = PBXBuildFile; fileRef = 82E4DF382E0AA18E00BE2F4A /* MainView.swift */; };
		82E4DF3B2E0AA1A100BE2F4A /* ForgotPasswordView.swift in Sources */ = {isa = PBXBuildFile; fileRef = 82E4DF3A2E0AA1A100BE2F4A /* ForgotPasswordView.swift */; };
		82E4DF3D2E0AA1E200BE2F4A /* Coordinatable.swift in Sources */ = {isa = PBXBuildFile; fileRef = 82E4DF3C2E0AA1E200BE2F4A /* Coordinatable.swift */; };
		82E4DF3F2E0AA1F300BE2F4A /* Coordinator.swift in Sources */ = {isa = PBXBuildFile; fileRef = 82E4DF3E2E0AA1F300BE2F4A /* Coordinator.swift */; };
		82E4DF412E0AA20700BE2F4A /* CoordinatorStack.swift in Sources */ = {isa = PBXBuildFile; fileRef = 82E4DF402E0AA20700BE2F4A /* CoordinatorStack.swift */; };
		82E4DF432E0AA75200BE2F4A /* CoordinatorPages.swift in Sources */ = {isa = PBXBuildFile; fileRef = 82E4DF422E0AA75200BE2F4A /* CoordinatorPages.swift */; };
/* End PBXBuildFile section */

/* Begin PBXFileReference section */
		82E4DF1B2E0AA0DE00BE2F4A /* SwiftUICoordinator.app */ = {isa = PBXFileReference; explicitFileType = wrapper.application; includeInIndex = 0; path = SwiftUICoordinator.app; sourceTree = BUILT_PRODUCTS_DIR; };
		82E4DF292E0AA0E600BE2F4A /* Assets.xcassets */ = {isa = PBXFileReference; lastKnownFileType = folder.assetcatalog; path = Assets.xcassets; sourceTree = "<group>"; };
		82E4DF2A2E0AA0E600BE2F4A /* ContentView.swift */ = {isa = PBXFileReference; lastKnownFileType = sourcecode.swift; path = ContentView.swift; sourceTree = "<group>"; };
		82E4DF2B2E0AA0E600BE2F4A /* SwiftUICoordinatorApp.swift */ = {isa = PBXFileReference; lastKnownFileType = sourcecode.swift; path = SwiftUICoordinatorApp.swift; sourceTree = "<group>"; };
		82E4DF342E0AA17F00BE2F4A /* SignUpView.swift */ = {isa = PBXFileReference; lastKnownFileType = sourcecode.swift; path = SignUpView.swift; sourceTree = "<group>"; };
		82E4DF362E0AA18800BE2F4A /* LoginView.swift */ = {isa = PBXFileReference; lastKnownFileType = sourcecode.swift; path = LoginView.swift; sourceTree = "<group>"; };
		82E4DF382E0AA18E00BE2F4A /* MainView.swift */ = {isa = PBXFileReference; lastKnownFileType = sourcecode.swift; path = MainView.swift; sourceTree = "<group>"; };
		82E4DF3A2E0AA1A100BE2F4A /* ForgotPasswordView.swift */ = {isa = PBXFileReference; lastKnownFileType = sourcecode.swift; path = ForgotPasswordView.swift; sourceTree = "<group>"; };
		82E4DF3C2E0AA1E200BE2F4A /* Coordinatable.swift */ = {isa = PBXFileReference; lastKnownFileType = sourcecode.swift; path = Coordinatable.swift; sourceTree = "<group>"; };
		82E4DF3E2E0AA1F300BE2F4A /* Coordinator.swift */ = {isa = PBXFileReference; lastKnownFileType = sourcecode.swift; path = Coordinator.swift; sourceTree = "<group>"; };
		82E4DF402E0AA20700BE2F4A /* CoordinatorStack.swift */ = {isa = PBXFileReference; lastKnownFileType = sourcecode.swift; path = CoordinatorStack.swift; sourceTree = "<group>"; };
		82E4DF422E0AA75200BE2F4A /* CoordinatorPages.swift */ = {isa = PBXFileReference; lastKnownFileType = sourcecode.swift; path = CoordinatorPages.swift; sourceTree = "<group>"; };
/* End PBXFileReference section */

/* Begin PBXFrameworksBuildPhase section */
		82E4DF182E0AA0DE00BE2F4A /* Frameworks */ = {
			isa = PBXFrameworksBuildPhase;
			buildActionMask = 2147483647;
			files = (
			);
			runOnlyForDeploymentPostprocessing = 0;
		};
/* End PBXFrameworksBuildPhase section */

/* Begin PBXGroup section */
		82E4DF122E0AA0DE00BE2F4A = {
			isa = PBXGroup;
			children = (
				82E4DF2C2E0AA0E600BE2F4A /* SwiftUICoordinator */,
				82E4DF1C2E0AA0DE00BE2F4A /* Products */,
			);
			sourceTree = "<group>";
		};
		82E4DF1C2E0AA0DE00BE2F4A /* Products */ = {
			isa = PBXGroup;
			children = (
				82E4DF1B2E0AA0DE00BE2F4A /* SwiftUICoordinator.app */,
			);
			name = Products;
			sourceTree = "<group>";
		};
		82E4DF2C2E0AA0E600BE2F4A /* SwiftUICoordinator */ = {
			isa = PBXGroup;
			children = (
				82E4DF322E0AA13300BE2F4A /* CoordinatorStack */,
				82E4DF332E0AA14500BE2F4A /* Pages */,
				82E4DF312E0AA0FD00BE2F4A /* Views */,
				82E4DF302E0AA0EA00BE2F4A /* App */,
			);
			path = SwiftUICoordinator;
			sourceTree = "<group>";
		};
		82E4DF302E0AA0EA00BE2F4A /* App */ = {
			isa = PBXGroup;
			children = (
				82E4DF292E0AA0E600BE2F4A /* Assets.xcassets */,
				82E4DF2B2E0AA0E600BE2F4A /* SwiftUICoordinatorApp.swift */,
			);
			path = App;
			sourceTree = "<group>";
		};
		82E4DF312E0AA0FD00BE2F4A /* Views */ = {
			isa = PBXGroup;
			children = (
				82E4DF2A2E0AA0E600BE2F4A /* ContentView.swift */,
				82E4DF342E0AA17F00BE2F4A /* SignUpView.swift */,
				82E4DF362E0AA18800BE2F4A /* LoginView.swift */,
				82E4DF382E0AA18E00BE2F4A /* MainView.swift */,
				82E4DF3A2E0AA1A100BE2F4A /* ForgotPasswordView.swift */,
			);
			path = Views;
			sourceTree = "<group>";
		};
		82E4DF322E0AA13300BE2F4A /* CoordinatorStack */ = {
			isa = PBXGroup;
			children = (
				82E4DF3C2E0AA1E200BE2F4A /* Coordinatable.swift */,
				82E4DF3E2E0AA1F300BE2F4A /* Coordinator.swift */,
				82E4DF402E0AA20700BE2F4A /* CoordinatorStack.swift */,
			);
			path = CoordinatorStack;
			sourceTree = "<group>";
		};
		82E4DF332E0AA14500BE2F4A /* Pages */ = {
			isa = PBXGroup;
			children = (
				82E4DF422E0AA75200BE2F4A /* CoordinatorPages.swift */,
			);
			path = Pages;
			sourceTree = "<group>";
		};
/* End PBXGroup section */

/* Begin PBXNativeTarget section */
		82E4DF1A2E0AA0DE00BE2F4A /* SwiftUICoordinator */ = {
			isa = PBXNativeTarget;
			buildConfigurationList = 82E4DF262E0AA0E000BE2F4A /* Build configuration list for PBXNativeTarget "SwiftUICoordinator" */;
			buildPhases = (
				82E4DF172E0AA0DE00BE2F4A /* Sources */,
				82E4DF182E0AA0DE00BE2F4A /* Frameworks */,
				82E4DF192E0AA0DE00BE2F4A /* Resources */,
			);
			buildRules = (
			);
			dependencies = (
			);
			name = SwiftUICoordinator;
			packageProductDependencies = (
			);
			productName = SwiftUICoordinator;
			productReference = 82E4DF1B2E0AA0DE00BE2F4A /* SwiftUICoordinator.app */;
			productType = "com.apple.product-type.application";
		};
/* End PBXNativeTarget section */

/* Begin PBXProject section */
		82E4DF132E0AA0DE00BE2F4A /* Project object */ = {
			isa = PBXProject;
			attributes = {
				BuildIndependentTargetsInParallel = 1;
				LastSwiftUpdateCheck = 2600;
				LastUpgradeCheck = 2600;
				TargetAttributes = {
					82E4DF1A2E0AA0DE00BE2F4A = {
						CreatedOnToolsVersion = 26.0;
					};
				};
			};
			buildConfigurationList = 82E4DF162E0AA0DE00BE2F4A /* Build configuration list for PBXProject "SwiftUICoordinator" */;
			developmentRegion = en;
			hasScannedForEncodings = 0;
			knownRegions = (
				en,
				Base,
			);
			mainGroup = 82E4DF122E0AA0DE00BE2F4A;
			minimizedProjectReferenceProxies = 1;
			preferredProjectObjectVersion = 77;
			productRefGroup = 82E4DF1C2E0AA0DE00BE2F4A /* Products */;
			projectDirPath = "";
			projectRoot = "";
			targets = (
				82E4DF1A2E0AA0DE00BE2F4A /* SwiftUICoordinator */,
			);
		};
/* End PBXProject section */

/* Begin PBXResourcesBuildPhase section */
		82E4DF192E0AA0DE00BE2F4A /* Resources */ = {
			isa = PBXResourcesBuildPhase;
			buildActionMask = 2147483647;
			files = (
				82E4DF2D2E0AA0E600BE2F4A /* Assets.xcassets in Resources */,
			);
			runOnlyForDeploymentPostprocessing = 0;
		};
/* End PBXResourcesBuildPhase section */

/* Begin PBXSourcesBuildPhase section */
		82E4DF172E0AA0DE00BE2F4A /* Sources */ = {
			isa = PBXSourcesBuildPhase;
			buildActionMask = 2147483647;
			files = (
				82E4DF3F2E0AA1F300BE2F4A /* Coordinator.swift in Sources */,
				82E4DF2E2E0AA0E600BE2F4A /* ContentView.swift in Sources */,
				82E4DF352E0AA17F00BE2F4A /* SignUpView.swift in Sources */,
				82E4DF432E0AA75200BE2F4A /* CoordinatorPages.swift in Sources */,
				82E4DF372E0AA18800BE2F4A /* LoginView.swift in Sources */,
				82E4DF392E0AA18E00BE2F4A /* MainView.swift in Sources */,
				82E4DF3B2E0AA1A100BE2F4A /* ForgotPasswordView.swift in Sources */,
				82E4DF2F2E0AA0E600BE2F4A /* SwiftUICoordinatorApp.swift in Sources */,
				82E4DF412E0AA20700BE2F4A /* CoordinatorStack.swift in Sources */,
				82E4DF3D2E0AA1E200BE2F4A /* Coordinatable.swift in Sources */,
			);
			runOnlyForDeploymentPostprocessing = 0;
		};
/* End PBXSourcesBuildPhase section */

/* Begin XCBuildConfiguration section */
		82E4DF242E0AA0E000BE2F4A /* Debug */ = {
			isa = XCBuildConfiguration;
			buildSettings = {
				ALWAYS_SEARCH_USER_PATHS = NO;
				ASSETCATALOG_COMPILER_GENERATE_SWIFT_ASSET_SYMBOL_EXTENSIONS = YES;
				CLANG_ANALYZER_NONNULL = YES;
				CLANG_ANALYZER_NUMBER_OBJECT_CONVERSION = YES_AGGRESSIVE;
				CLANG_CXX_LANGUAGE_STANDARD = "gnu++20";
				CLANG_ENABLE_MODULES = YES;
				CLANG_ENABLE_OBJC_ARC = YES;
				CLANG_ENABLE_OBJC_WEAK = YES;
				CLANG_WARN_BLOCK_CAPTURE_AUTORELEASING = YES;
				CLANG_WARN_BOOL_CONVERSION = YES;
				CLANG_WARN_COMMA = YES;
				CLANG_WARN_CONSTANT_CONVERSION = YES;
				CLANG_WARN_DEPRECATED_OBJC_IMPLEMENTATIONS = YES;
				CLANG_WARN_DIRECT_OBJC_ISA_USAGE = YES_ERROR;
				CLANG_WARN_DOCUMENTATION_COMMENTS = YES;
				CLANG_WARN_EMPTY_BODY = YES;
				CLANG_WARN_ENUM_CONVERSION = YES;
				CLANG_WARN_INFINITE_RECURSION = YES;
				CLANG_WARN_INT_CONVERSION = YES;
				CLANG_WARN_NON_LITERAL_NULL_CONVERSION = YES;
				CLANG_WARN_OBJC_IMPLICIT_RETAIN_SELF = YES;
				CLANG_WARN_OBJC_LITERAL_CONVERSION = YES;
				CLANG_WARN_OBJC_ROOT_CLASS = YES_ERROR;
				CLANG_WARN_QUOTED_INCLUDE_IN_FRAMEWORK_HEADER = YES;
				CLANG_WARN_RANGE_LOOP_ANALYSIS = YES;
				CLANG_WARN_STRICT_PROTOTYPES = YES;
				CLANG_WARN_SUSPICIOUS_MOVE = YES;
				CLANG_WARN_UNGUARDED_AVAILABILITY = YES_AGGRESSIVE;
				CLANG_WARN_UNREACHABLE_CODE = YES;
				CLANG_WARN__DUPLICATE_METHOD_MATCH = YES;
				COPY_PHASE_STRIP = NO;
				DEBUG_INFORMATION_FORMAT = dwarf;
				DEVELOPMENT_TEAM = D27FHR29X4;
				ENABLE_STRICT_OBJC_MSGSEND = YES;
				ENABLE_TESTABILITY = YES;
				ENABLE_USER_SCRIPT_SANDBOXING = YES;
				GCC_C_LANGUAGE_STANDARD = gnu17;
				GCC_DYNAMIC_NO_PIC = NO;
				GCC_NO_COMMON_BLOCKS = YES;
				GCC_OPTIMIZATION_LEVEL = 0;
				GCC_PREPROCESSOR_DEFINITIONS = (
					"DEBUG=1",
					"$(inherited)",
				);
				GCC_WARN_64_TO_32_BIT_CONVERSION = YES;
				GCC_WARN_ABOUT_RETURN_TYPE = YES_ERROR;
				GCC_WARN_UNDECLARED_SELECTOR = YES;
				GCC_WARN_UNINITIALIZED_AUTOS = YES_AGGRESSIVE;
				GCC_WARN_UNUSED_FUNCTION = YES;
				GCC_WARN_UNUSED_VARIABLE = YES;
				IPHONEOS_DEPLOYMENT_TARGET = 26.0;
				LOCALIZATION_PREFERS_STRING_CATALOGS = YES;
				MTL_ENABLE_DEBUG_INFO = INCLUDE_SOURCE;
				MTL_FAST_MATH = YES;
				ONLY_ACTIVE_ARCH = YES;
				SDKROOT = iphoneos;
				SWIFT_ACTIVE_COMPILATION_CONDITIONS = "DEBUG $(inherited)";
				SWIFT_OPTIMIZATION_LEVEL = "-Onone";
			};
			name = Debug;
		};
		82E4DF252E0AA0E000BE2F4A /* Release */ = {
			isa = XCBuildConfiguration;
			buildSettings = {
				ALWAYS_SEARCH_USER_PATHS = NO;
				ASSETCATALOG_COMPILER_GENERATE_SWIFT_ASSET_SYMBOL_EXTENSIONS = YES;
				CLANG_ANALYZER_NONNULL = YES;
				CLANG_ANALYZER_NUMBER_OBJECT_CONVERSION = YES_AGGRESSIVE;
				CLANG_CXX_LANGUAGE_STANDARD = "gnu++20";
				CLANG_ENABLE_MODULES = YES;
				CLANG_ENABLE_OBJC_ARC = YES;
				CLANG_ENABLE_OBJC_WEAK = YES;
				CLANG_WARN_BLOCK_CAPTURE_AUTORELEASING = YES;
				CLANG_WARN_BOOL_CONVERSION = YES;
				CLANG_WARN_COMMA = YES;
				CLANG_WARN_CONSTANT_CONVERSION = YES;
				CLANG_WARN_DEPRECATED_OBJC_IMPLEMENTATIONS = YES;
				CLANG_WARN_DIRECT_OBJC_ISA_USAGE = YES_ERROR;
				CLANG_WARN_DOCUMENTATION_COMMENTS = YES;
				CLANG_WARN_EMPTY_BODY = YES;
				CLANG_WARN_ENUM_CONVERSION = YES;
				CLANG_WARN_INFINITE_RECURSION = YES;
				CLANG_WARN_INT_CONVERSION = YES;
				CLANG_WARN_NON_LITERAL_NULL_CONVERSION = YES;
				CLANG_WARN_OBJC_IMPLICIT_RETAIN_SELF = YES;
				CLANG_WARN_OBJC_LITERAL_CONVERSION = YES;
				CLANG_WARN_OBJC_ROOT_CLASS = YES_ERROR;
				CLANG_WARN_QUOTED_INCLUDE_IN_FRAMEWORK_HEADER = YES;
				CLANG_WARN_RANGE_LOOP_ANALYSIS = YES;
				CLANG_WARN_STRICT_PROTOTYPES = YES;
				CLANG_WARN_SUSPICIOUS_MOVE = YES;
				CLANG_WARN_UNGUARDED_AVAILABILITY = YES_AGGRESSIVE;
				CLANG_WARN_UNREACHABLE_CODE = YES;
				CLANG_WARN__DUPLICATE_METHOD_MATCH = YES;
				COPY_PHASE_STRIP = NO;
				DEBUG_INFORMATION_FORMAT = "dwarf-with-dsym";
				DEVELOPMENT_TEAM = D27FHR29X4;
				ENABLE_NS_ASSERTIONS = NO;
				ENABLE_STRICT_OBJC_MSGSEND = YES;
				ENABLE_USER_SCRIPT_SANDBOXING = YES;
				GCC_C_LANGUAGE_STANDARD = gnu17;
				GCC_NO_COMMON_BLOCKS = YES;
				GCC_WARN_64_TO_32_BIT_CONVERSION = YES;
				GCC_WARN_ABOUT_RETURN_TYPE = YES_ERROR;
				GCC_WARN_UNDECLARED_SELECTOR = YES;
				GCC_WARN_UNINITIALIZED_AUTOS = YES_AGGRESSIVE;
				GCC_WARN_UNUSED_FUNCTION = YES;
				GCC_WARN_UNUSED_VARIABLE = YES;
				IPHONEOS_DEPLOYMENT_TARGET = 26.0;
				LOCALIZATION_PREFERS_STRING_CATALOGS = YES;
				MTL_ENABLE_DEBUG_INFO = NO;
				MTL_FAST_MATH = YES;
				SDKROOT = iphoneos;
				SWIFT_COMPILATION_MODE = wholemodule;
				VALIDATE_PRODUCT = YES;
			};
			name = Release;
		};
		82E4DF272E0AA0E000BE2F4A /* Debug */ = {
			isa = XCBuildConfiguration;
			buildSettings = {
				ASSETCATALOG_COMPILER_APPICON_NAME = AppIcon;
				ASSETCATALOG_COMPILER_GLOBAL_ACCENT_COLOR_NAME = AccentColor;
				CODE_SIGN_STYLE = Automatic;
				CURRENT_PROJECT_VERSION = 1;
				DEVELOPMENT_TEAM = D27FHR29X4;
				ENABLE_PREVIEWS = YES;
				GENERATE_INFOPLIST_FILE = YES;
				INFOPLIST_KEY_UIApplicationSceneManifest_Generation = YES;
				INFOPLIST_KEY_UIApplicationSupportsIndirectInputEvents = YES;
				INFOPLIST_KEY_UILaunchScreen_Generation = YES;
				INFOPLIST_KEY_UISupportedInterfaceOrientations_iPad = "UIInterfaceOrientationPortrait UIInterfaceOrientationPortraitUpsideDown UIInterfaceOrientationLandscapeLeft UIInterfaceOrientationLandscapeRight";
				INFOPLIST_KEY_UISupportedInterfaceOrientations_iPhone = "UIInterfaceOrientationPortrait UIInterfaceOrientationLandscapeLeft UIInterfaceOrientationLandscapeRight";
				IPHONEOS_DEPLOYMENT_TARGET = 26.0;
				LD_RUNPATH_SEARCH_PATHS = (
					"$(inherited)",
					"@executable_path/Frameworks",
				);
				MARKETING_VERSION = 1.0;
				PRODUCT_BUNDLE_IDENTIFIER = Azer.SwiftUICoordinator;
				PRODUCT_NAME = "$(TARGET_NAME)";
				STRING_CATALOG_GENERATE_SYMBOLS = YES;
				SWIFT_DEFAULT_ACTOR_ISOLATION = MainActor;
				SWIFT_EMIT_LOC_STRINGS = YES;
				SWIFT_UPCOMING_FEATURE_MEMBER_IMPORT_VISIBILITY = YES;
				SWIFT_VERSION = 5.0;
				TARGETED_DEVICE_FAMILY = "1,2";
			};
			name = Debug;
		};
		82E4DF282E0AA0E000BE2F4A /* Release */ = {
			isa = XCBuildConfiguration;
			buildSettings = {
				ASSETCATALOG_COMPILER_APPICON_NAME = AppIcon;
				ASSETCATALOG_COMPILER_GLOBAL_ACCENT_COLOR_NAME = AccentColor;
				CODE_SIGN_STYLE = Automatic;
				CURRENT_PROJECT_VERSION = 1;
				DEVELOPMENT_TEAM = D27FHR29X4;
				ENABLE_PREVIEWS = YES;
				GENERATE_INFOPLIST_FILE = YES;
				INFOPLIST_KEY_UIApplicationSceneManifest_Generation = YES;
				INFOPLIST_KEY_UIApplicationSupportsIndirectInputEvents = YES;
				INFOPLIST_KEY_UILaunchScreen_Generation = YES;
				INFOPLIST_KEY_UISupportedInterfaceOrientations_iPad = "UIInterfaceOrientationPortrait UIInterfaceOrientationPortraitUpsideDown UIInterfaceOrientationLandscapeLeft UIInterfaceOrientationLandscapeRight";
				INFOPLIST_KEY_UISupportedInterfaceOrientations_iPhone = "UIInterfaceOrientationPortrait UIInterfaceOrientationLandscapeLeft UIInterfaceOrientationLandscapeRight";
				IPHONEOS_DEPLOYMENT_TARGET = 26.0;
				LD_RUNPATH_SEARCH_PATHS = (
					"$(inherited)",
					"@executable_path/Frameworks",
				);
				MARKETING_VERSION = 1.0;
				PRODUCT_BUNDLE_IDENTIFIER = Azer.SwiftUICoordinator;
				PRODUCT_NAME = "$(TARGET_NAME)";
				STRING_CATALOG_GENERATE_SYMBOLS = YES;
				SWIFT_DEFAULT_ACTOR_ISOLATION = MainActor;
				SWIFT_EMIT_LOC_STRINGS = YES;
				SWIFT_UPCOMING_FEATURE_MEMBER_IMPORT_VISIBILITY = YES;
				SWIFT_VERSION = 5.0;
				TARGETED_DEVICE_FAMILY = "1,2";
			};
			name = Release;
		};
/* End XCBuildConfiguration section */

/* Begin XCConfigurationList section */
		82E4DF162E0AA0DE00BE2F4A /* Build configuration list for PBXProject "SwiftUICoordinator" */ = {
			isa = XCConfigurationList;
			buildConfigurations = (
				82E4DF242E0AA0E000BE2F4A /* Debug */,
				82E4DF252E0AA0E000BE2F4A /* Release */,
			);
			defaultConfigurationIsVisible = 0;
			defaultConfigurationName = Release;
		};
		82E4DF262E0AA0E000BE2F4A /* Build configuration list for PBXNativeTarget "SwiftUICoordinator" */ = {
			isa = XCConfigurationList;
			buildConfigurations = (
				82E4DF272E0AA0E000BE2F4A /* Debug */,
				82E4DF282E0AA0E000BE2F4A /* Release */,
			);
			defaultConfigurationIsVisible = 0;
			defaultConfigurationName = Release;
		};
/* End XCConfigurationList section */
	};
	rootObject = 82E4DF132E0AA0DE00BE2F4A /* Project object */;
}
